
Microsoft Visual Studio Solution File, Format Version 12.00
# Visual Studio Version 16
VisualStudioVersion = 16.0.32228.343
MinimumVisualStudioVersion = 10.0.40219.1
Project("{FAE04EC0-301F-11D3-BF4B-00C04F79EFBC}") = "QuartzProjcect", "QuartzProjcect\QuartzProjcect.csproj", "{7CA32BE2-7555-4F10-B5AD-3C5DB79724B9}"
EndProject
Global
	GlobalSection(SolutionConfigurationPlatforms) = preSolution
		Debug|Any CPU = Debug|Any CPU
		Release|Any CPU = Release|Any CPU
	EndGlobalSection
	GlobalSection(ProjectConfigurationPlatforms) = postSolution
		{7CA32BE2-7555-4F10-B5AD-3C5DB79724B9}.Debug|Any CPU.ActiveCfg = Debug|Any CPU
		{7CA32BE2-7555-4F10-B5AD-3C5DB79724B9}.Debug|Any CPU.Build.0 = Debug|Any CPU
		{7CA32BE2-7555-4F10-B5AD-3C5DB79724B9}.Release|Any CPU.ActiveCfg = Release|Any CPU
		{7CA32BE2-7555-4F10-B5AD-3C5DB79724B9}.Release|Any CPU.Build.0 = Release|Any CPU
	EndGlobalSection
	GlobalSection(SolutionProperties) = preSolution
		HideSolutionNode = FALSE
	EndGlobalSection
	GlobalSection(ExtensibilityGlobals) = postSolution
		SolutionGuid = {86D29F40-6FF1-497C-9CA5-511A628A9AA5}
	EndGlobalSection
EndGlobal
